
Microsoft Visual Studio Solution File, Format Version 12.00
# Visual Studio Version 17
VisualStudioVersion = 17.6.33815.320
MinimumVisualStudioVersion = 10.0.40219.1
Project("{FAE04EC0-301F-11D3-BF4B-00C04F79EFBC}") = "Calculator", "Calculator\Calculator.csproj", "{27C6F1A4-0D00-4263-9E5A-80A838BCDB0D}"
EndProject
Global
	GlobalSection(SolutionConfigurationPlatforms) = preSolution
		Debug|Any CPU = Debug|Any CPU
		Release|Any CPU = Release|Any CPU
	EndGlobalSection
	GlobalSection(ProjectConfigurationPlatforms) = postSolution
		{27C6F1A4-0D00-4263-9E5A-80A838BCDB0D}.Debug|Any CPU.ActiveCfg = Debug|Any CPU
		{27C6F1A4-0D00-4263-9E5A-80A838BCDB0D}.Debug|Any CPU.Build.0 = Debug|Any CPU
		{27C6F1A4-0D00-4263-9E5A-80A838BCDB0D}.Release|Any CPU.ActiveCfg = Release|Any CPU
		{27C6F1A4-0D00-4263-9E5A-80A838BCDB0D}.Release|Any CPU.Build.0 = Release|Any CPU
	EndGlobalSection
	GlobalSection(SolutionProperties) = preSolution
		HideSolutionNode = FALSE
	EndGlobalSection
	GlobalSection(ExtensibilityGlobals) = postSolution
		SolutionGuid = {AF307E79-348B-4CF2-973D-C5DA96AE31C4}
	EndGlobalSection
EndGlobal
